
Microsoft Visual Studio Solution File, Format Version 12.00
# Visual Studio Version 17
VisualStudioVersion = 17.8.34330.188
MinimumVisualStudioVersion = 10.0.40219.1
Project("{FAE04EC0-301F-11D3-BF4B-00C04F79EFBC}") = "ClassLibraryTest", "ClassLibraryTest\ClassLibraryTest.csproj", "{D0831BDB-3174-4C16-A430-9B7CD9CD0FD6}"
EndProject
Global
	GlobalSection(SolutionConfigurationPlatforms) = preSolution
		Debug|Any CPU = Debug|Any CPU
		Release|Any CPU = Release|Any CPU
	EndGlobalSection
	GlobalSection(ProjectConfigurationPlatforms) = postSolution
		{D0831BDB-3174-4C16-A430-9B7CD9CD0FD6}.Debug|Any CPU.ActiveCfg = Debug|Any CPU
		{D0831BDB-3174-4C16-A430-9B7CD9CD0FD6}.Debug|Any CPU.Build.0 = Debug|Any CPU
		{D0831BDB-3174-4C16-A430-9B7CD9CD0FD6}.Release|Any CPU.ActiveCfg = Release|Any CPU
		{D0831BDB-3174-4C16-A430-9B7CD9CD0FD6}.Release|Any CPU.Build.0 = Release|Any CPU
	EndGlobalSection
	GlobalSection(SolutionProperties) = preSolution
		HideSolutionNode = FALSE
	EndGlobalSection
	GlobalSection(ExtensibilityGlobals) = postSolution
		SolutionGuid = {09359350-8E67-439A-B3F0-9625ADD22C29}
	EndGlobalSection
EndGlobal
